
Microsoft Visual Studio Solution File, Format Version 12.00
# Visual Studio Version 16
VisualStudioVersion = 16.0.31112.23
MinimumVisualStudioVersion = 10.0.40219.1
Project("{9A19103F-16F7-4668-BE54-9A1E7A4F7556}") = "ContactBook", "ContactBook\ContactBook.csproj", "{061D5029-8CE4-4CE6-A1EA-F68204C4BE5A}"
EndProject
Project("{9A19103F-16F7-4668-BE54-9A1E7A4F7556}") = "ContactBook.Models", "ContactBook.Models\ContactBook.Models.csproj", "{E83BC7C3-ABCF-41DE-833D-C00A8FE58119}"
EndProject
Project("{9A19103F-16F7-4668-BE54-9A1E7A4F7556}") = "ContactBook.Data", "ContactBook.Data\ContactBook.Data.csproj", "{EAEFCF80-690E-4692-86B0-1D07204F5EEB}"
EndProject
Project("{9A19103F-16F7-4668-BE54-9A1E7A4F7556}") = "ContactBook.Config", "ContactBook.Config\ContactBook.Config.csproj", "{64B3ED0A-3B82-4E62-9FF9-EF8A5AA76141}"
EndProject
Project("{9A19103F-16F7-4668-BE54-9A1E7A4F7556}") = "ContactBook.Utitlities", "ContactBook.Utitlities\ContactBook.Utitlities.csproj", "{0E88B64E-9691-43B0-BD29-C9A864CC5762}"
EndProject
Global
	GlobalSection(SolutionConfigurationPlatforms) = preSolution
		Debug|Any CPU = Debug|Any CPU
		Release|Any CPU = Release|Any CPU
	EndGlobalSection
	GlobalSection(ProjectConfigurationPlatforms) = postSolution
		{061D5029-8CE4-4CE6-A1EA-F68204C4BE5A}.Debug|Any CPU.ActiveCfg = Debug|Any CPU
		{061D5029-8CE4-4CE6-A1EA-F68204C4BE5A}.Debug|Any CPU.Build.0 = Debug|Any CPU
		{061D5029-8CE4-4CE6-A1EA-F68204C4BE5A}.Release|Any CPU.ActiveCfg = Release|Any CPU
		{061D5029-8CE4-4CE6-A1EA-F68204C4BE5A}.Release|Any CPU.Build.0 = Release|Any CPU
		{E83BC7C3-ABCF-41DE-833D-C00A8FE58119}.Debug|Any CPU.ActiveCfg = Debug|Any CPU
		{E83BC7C3-ABCF-41DE-833D-C00A8FE58119}.Debug|Any CPU.Build.0 = Debug|Any CPU
		{E83BC7C3-ABCF-41DE-833D-C00A8FE58119}.Release|Any CPU.ActiveCfg = Release|Any CPU
		{E83BC7C3-ABCF-41DE-833D-C00A8FE58119}.Release|Any CPU.Build.0 = Release|Any CPU
		{EAEFCF80-690E-4692-86B0-1D07204F5EEB}.Debug|Any CPU.ActiveCfg = Debug|Any CPU
		{EAEFCF80-690E-4692-86B0-1D07204F5EEB}.Debug|Any CPU.Build.0 = Debug|Any CPU
		{EAEFCF80-690E-4692-86B0-1D07204F5EEB}.Release|Any CPU.ActiveCfg = Release|Any CPU
		{EAEFCF80-690E-4692-86B0-1D07204F5EEB}.Release|Any CPU.Build.0 = Release|Any CPU
		{64B3ED0A-3B82-4E62-9FF9-EF8A5AA76141}.Debug|Any CPU.ActiveCfg = Debug|Any CPU
		{64B3ED0A-3B82-4E62-9FF9-EF8A5AA76141}.Debug|Any CPU.Build.0 = Debug|Any CPU
		{64B3ED0A-3B82-4E62-9FF9-EF8A5AA76141}.Release|Any CPU.ActiveCfg = Release|Any CPU
		{64B3ED0A-3B82-4E62-9FF9-EF8A5AA76141}.Release|Any CPU.Build.0 = Release|Any CPU
		{0E88B64E-9691-43B0-BD29-C9A864CC5762}.Debug|Any CPU.ActiveCfg = Debug|Any CPU
		{0E88B64E-9691-43B0-BD29-C9A864CC5762}.Debug|Any CPU.Build.0 = Debug|Any CPU
		{0E88B64E-9691-43B0-BD29-C9A864CC5762}.Release|Any CPU.ActiveCfg = Release|Any CPU
		{0E88B64E-9691-43B0-BD29-C9A864CC5762}.Release|Any CPU.Build.0 = Release|Any CPU
	EndGlobalSection
	GlobalSection(SolutionProperties) = preSolution
		HideSolutionNode = FALSE
	EndGlobalSection
	GlobalSection(ExtensibilityGlobals) = postSolution
		SolutionGuid = {552E1D90-B383-4050-9937-B10B71E8BE32}
	EndGlobalSection
EndGlobal
